PODS:
  - Flutter (1.0.0)
  - flutter_sms_retriever (0.0.1):
    - Flutter

DEPENDENCIES:
  - Flutter (from `.symlinks/flutter/ios`)
  - flutter_sms_retriever (from `.symlinks/plugins/flutter_sms_retriever/ios`)

EXTERNAL SOURCES:
  Flutter:
    :path: ".symlinks/flutter/ios"
  flutter_sms_retriever:
    :path: ".symlinks/plugins/flutter_sms_retriever/ios"

SPEC CHECKSUMS:
  Flutter: 9d0fac939486c9aba2809b7982dfdbb47a7b0296
  flutter_sms_retriever: b43b17a8e8ca574052b670209e13e769cc04ba46

PODFILE CHECKSUM: ebd43b443038e611b86ede96e613bd6033c49497

COCOAPODS: 1.5.3
